
Microsoft Visual Studio Solution File, Format Version 12.00
# Visual Studio Version 16
VisualStudioVersion = 16.0.31424.327
MinimumVisualStudioVersion = 10.0.40219.1
Project("{FAE04EC0-301F-11D3-BF4B-00C04F79EFBC}") = "demo", "demo\demo.csproj", "{CE19A53A-68C1-457A-A479-4B39510A7550}"
EndProject
Global
	GlobalSection(SolutionConfigurationPlatforms) = preSolution
		Debug|Any CPU = Debug|Any CPU
		Release|Any CPU = Release|Any CPU
	EndGlobalSection
	GlobalSection(ProjectConfigurationPlatforms) = postSolution
		{CE19A53A-68C1-457A-A479-4B39510A7550}.Debug|Any CPU.ActiveCfg = Debug|Any CPU
		{CE19A53A-68C1-457A-A479-4B39510A7550}.Debug|Any CPU.Build.0 = Debug|Any CPU
		{CE19A53A-68C1-457A-A479-4B39510A7550}.Release|Any CPU.ActiveCfg = Release|Any CPU
		{CE19A53A-68C1-457A-A479-4B39510A7550}.Release|Any CPU.Build.0 = Release|Any CPU
	EndGlobalSection
	GlobalSection(SolutionProperties) = preSolution
		HideSolutionNode = FALSE
	EndGlobalSection
	GlobalSection(ExtensibilityGlobals) = postSolution
		SolutionGuid = {C2CF9C1B-CA21-4D08-B155-764A2BDE4737}
	EndGlobalSection
EndGlobal
